
Microsoft Visual Studio Solution File, Format Version 12.00
# Visual Studio Version 16
VisualStudioVersion = 16.0.29709.97
MinimumVisualStudioVersion = 10.0.40219.1
Project("{FAE04EC0-301F-11D3-BF4B-00C04F79EFBC}") = "bakalaurinis", "bakalaurinis\bakalaurinis.csproj", "{D906EB61-EB17-42D3-8E36-8BC6850C1346}"
EndProject
Project("{FAE04EC0-301F-11D3-BF4B-00C04F79EFBC}") = "test", "test\test.csproj", "{8EAF2C54-3FB6-4563-A654-A32D32B21C5F}"
EndProject
Global
	GlobalSection(SolutionConfigurationPlatforms) = preSolution
		Debug|Any CPU = Debug|Any CPU
		Release|Any CPU = Release|Any CPU
	EndGlobalSection
	GlobalSection(ProjectConfigurationPlatforms) = postSolution
		{D906EB61-EB17-42D3-8E36-8BC6850C1346}.Debug|Any CPU.ActiveCfg = Debug|Any CPU
		{D906EB61-EB17-42D3-8E36-8BC6850C1346}.Debug|Any CPU.Build.0 = Debug|Any CPU
		{D906EB61-EB17-42D3-8E36-8BC6850C1346}.Release|Any CPU.ActiveCfg = Release|Any CPU
		{D906EB61-EB17-42D3-8E36-8BC6850C1346}.Release|Any CPU.Build.0 = Release|Any CPU
		{8EAF2C54-3FB6-4563-A654-A32D32B21C5F}.Debug|Any CPU.ActiveCfg = Debug|Any CPU
		{8EAF2C54-3FB6-4563-A654-A32D32B21C5F}.Debug|Any CPU.Build.0 = Debug|Any CPU
		{8EAF2C54-3FB6-4563-A654-A32D32B21C5F}.Release|Any CPU.ActiveCfg = Release|Any CPU
		{8EAF2C54-3FB6-4563-A654-A32D32B21C5F}.Release|Any CPU.Build.0 = Release|Any CPU
	EndGlobalSection
	GlobalSection(SolutionProperties) = preSolution
		HideSolutionNode = FALSE
	EndGlobalSection
	GlobalSection(ExtensibilityGlobals) = postSolution
		SolutionGuid = {C6A158D0-6B33-4DA9-ABB9-244203CD7403}
	EndGlobalSection
EndGlobal
